// !$*UTF8*$!
{
	archiveVersion = 1;
	classes = {
	};
	objectVersion = 56;
	objects = {

/* Begin PBXBuildFile section */
		84028A9A290EA39600F04894 /* StorageService.swift in Sources */ = {isa = PBXBuildFile; fileRef = 84028A99290EA39600F04894 /* StorageService.swift */; };
		84028A9D290EA3B100F04894 /* ScoreService.swift in Sources */ = {isa = PBXBuildFile; fileRef = 84028A9C290EA3B100F04894 /* ScoreService.swift */; };
		84028A9F290EA3D000F04894 /* Constants.swift in Sources */ = {isa = PBXBuildFile; fileRef = 84028A9E290EA3D000F04894 /* Constants.swift */; };
		841D7C0C2909C5B4003BF4A6 /* ScoreViewController.swift in Sources */ = {isa = PBXBuildFile; fileRef = 841D7C0A2909C5B4003BF4A6 /* ScoreViewController.swift */; };
		841D7C0F2909DC42003BF4A6 /* Int+Scores.swift in Sources */ = {isa = PBXBuildFile; fileRef = 841D7C0E2909DC42003BF4A6 /* Int+Scores.swift */; };
		843E265929045FD2000009DB /* AppDelegate.swift in Sources */ = {isa = PBXBuildFile; fileRef = 843E265829045FD2000009DB /* AppDelegate.swift */; };
		843E265B29045FD2000009DB /* SceneDelegate.swift in Sources */ = {isa = PBXBuildFile; fileRef = 843E265A29045FD2000009DB /* SceneDelegate.swift */; };
		843E265D29045FD2000009DB /* SplashViewController.swift in Sources */ = {isa = PBXBuildFile; fileRef = 843E265C29045FD2000009DB /* SplashViewController.swift */; };
		843E266029045FD2000009DB /* Main.storyboard in Resources */ = {isa = PBXBuildFile; fileRef = 843E265E29045FD2000009DB /* Main.storyboard */; };
		843E266229045FD3000009DB /* Assets.xcassets in Resources */ = {isa = PBXBuildFile; fileRef = 843E266129045FD3000009DB /* Assets.xcassets */; };
		843E266529045FD3000009DB /* LaunchScreen.storyboard in Resources */ = {isa = PBXBuildFile; fileRef = 843E266329045FD3000009DB /* LaunchScreen.storyboard */; };
		843E266D2904639A000009DB /* carGif.gif in Resources */ = {isa = PBXBuildFile; fileRef = 843E266C2904639A000009DB /* carGif.gif */; };
		843E267129046457000009DB /* GifView.swift in Sources */ = {isa = PBXBuildFile; fileRef = 843E267029046457000009DB /* GifView.swift */; };
		843E267829047968000009DB /* drift.ttf in Resources */ = {isa = PBXBuildFile; fileRef = 843E267729047965000009DB /* drift.ttf */; };
		8447549029088DBE00888E33 /* UIViewController+Alert.swift in Sources */ = {isa = PBXBuildFile; fileRef = 8447548F29088DBE00888E33 /* UIViewController+Alert.swift */; };
		84612EAA292D6BED00C034BE /* ScoreCell.swift in Sources */ = {isa = PBXBuildFile; fileRef = 84612EA8292D6BED00C034BE /* ScoreCell.swift */; };
		84612EAB292D6BED00C034BE /* ScoreCell.xib in Resources */ = {isa = PBXBuildFile; fileRef = 84612EA9292D6BED00C034BE /* ScoreCell.xib */; };
		8494F6E1290552710086E3AD /* ShadowView.swift in Sources */ = {isa = PBXBuildFile; fileRef = 8494F6E0290552710086E3AD /* ShadowView.swift */; };
		8494F6E3290553E90086E3AD /* CustomViews.swift in Sources */ = {isa = PBXBuildFile; fileRef = 8494F6E2290553E90086E3AD /* CustomViews.swift */; };
		8494F6E52905594F0086E3AD /* MenuItemView.swift in Sources */ = {isa = PBXBuildFile; fileRef = 8494F6E42905594F0086E3AD /* MenuItemView.swift */; };
		8494F6E72905649B0086E3AD /* BackgroundDirection.swift in Sources */ = {isa = PBXBuildFile; fileRef = 8494F6E62905649B0086E3AD /* BackgroundDirection.swift */; };
		8494F6ED290573DD0086E3AD /* MenuViewController.swift in Sources */ = {isa = PBXBuildFile; fileRef = 8494F6EC290573DD0086E3AD /* MenuViewController.swift */; };
		8494F6F32905989B0086E3AD /* GameViewController.swift in Sources */ = {isa = PBXBuildFile; fileRef = 8494F6F22905989B0086E3AD /* GameViewController.swift */; };
		8494F6F5290599000086E3AD /* Location.swift in Sources */ = {isa = PBXBuildFile; fileRef = 8494F6F4290599000086E3AD /* Location.swift */; };
		8494F6F729059C5A0086E3AD /* BlurView.swift in Sources */ = {isa = PBXBuildFile; fileRef = 8494F6F629059C5A0086E3AD /* BlurView.swift */; };
		84CF79742920F8CD00D60A9E /* Score.swift in Sources */ = {isa = PBXBuildFile; fileRef = 84CF79732920F8CD00D60A9E /* Score.swift */; };
		84DC264E2932662100A66BF2 /* ScoreDetailsViewController.swift in Sources */ = {isa = PBXBuildFile; fileRef = 84DC264C2932662100A66BF2 /* ScoreDetailsViewController.swift */; };
		84E29F782963060600EE67B6 /* SettingViewController.swift in Sources */ = {isa = PBXBuildFile; fileRef = 84E29F772963060600EE67B6 /* SettingViewController.swift */; };
/* End PBXBuildFile section */

/* Begin PBXFileReference section */
		84028A99290EA39600F04894 /* StorageService.swift */ = {isa = PBXFileReference; lastKnownFileType = sourcecode.swift; path = StorageService.swift; sourceTree = "<group>"; };
		84028A9C290EA3B100F04894 /* ScoreService.swift */ = {isa = PBXFileReference; lastKnownFileType = sourcecode.swift; path = ScoreService.swift; sourceTree = "<group>"; };
		84028A9E290EA3D000F04894 /* Constants.swift */ = {isa = PBXFileReference; lastKnownFileType = sourcecode.swift; path = Constants.swift; sourceTree = "<group>"; };
		841D7C0A2909C5B4003BF4A6 /* ScoreViewController.swift */ = {isa = PBXFileReference; lastKnownFileType = sourcecode.swift; path = ScoreViewController.swift; sourceTree = "<group>"; };
		841D7C0E2909DC42003BF4A6 /* Int+Scores.swift */ = {isa = PBXFileReference; lastKnownFileType = sourcecode.swift; path = "Int+Scores.swift"; sourceTree = "<group>"; };
		843E265529045FD2000009DB /* RasingGame.app */ = {isa = PBXFileReference; explicitFileType = wrapper.application; includeInIndex = 0; path = RasingGame.app; sourceTree = BUILT_PRODUCTS_DIR; };
		843E265829045FD2000009DB /* AppDelegate.swift */ = {isa = PBXFileReference; lastKnownFileType = sourcecode.swift; path = AppDelegate.swift; sourceTree = "<group>"; };
		843E265A29045FD2000009DB /* SceneDelegate.swift */ = {isa = PBXFileReference; lastKnownFileType = sourcecode.swift; path = SceneDelegate.swift; sourceTree = "<group>"; };
		843E265C29045FD2000009DB /* SplashViewController.swift */ = {isa = PBXFileReference; lastKnownFileType = sourcecode.swift; path = SplashViewController.swift; sourceTree = "<group>"; };
		843E265F29045FD2000009DB /* Base */ = {isa = PBXFileReference; lastKnownFileType = file.storyboard; name = Base; path = Base.lproj/Main.storyboard; sourceTree = "<group>"; };
		843E266129045FD3000009DB /* Assets.xcassets */ = {isa = PBXFileReference; lastKnownFileType = folder.assetcatalog; path = Assets.xcassets; sourceTree = "<group>"; };
		843E266429045FD3000009DB /* Base */ = {isa = PBXFileReference; lastKnownFileType = file.storyboard; name = Base; path = Base.lproj/LaunchScreen.storyboard; sourceTree = "<group>"; };
		843E266629045FD3000009DB /* Info.plist */ = {isa = PBXFileReference; lastKnownFileType = text.plist.xml; path = Info.plist; sourceTree = "<group>"; };
		843E266C2904639A000009DB /* carGif.gif */ = {isa = PBXFileReference; lastKnownFileType = image.gif; path = carGif.gif; sourceTree = "<group>"; };
		843E267029046457000009DB /* GifView.swift */ = {isa = PBXFileReference; lastKnownFileType = sourcecode.swift; path = GifView.swift; sourceTree = "<group>"; };
		843E267729047965000009DB /* drift.ttf */ = {isa = PBXFileReference; lastKnownFileType = file; path = drift.ttf; sourceTree = "<group>"; };
		8447548F29088DBE00888E33 /* UIViewController+Alert.swift */ = {isa = PBXFileReference; lastKnownFileType = sourcecode.swift; path = "UIViewController+Alert.swift"; sourceTree = "<group>"; };
		84612EA8292D6BED00C034BE /* ScoreCell.swift */ = {isa = PBXFileReference; lastKnownFileType = sourcecode.swift; path = ScoreCell.swift; sourceTree = "<group>"; };
		84612EA9292D6BED00C034BE /* ScoreCell.xib */ = {isa = PBXFileReference; lastKnownFileType = file.xib; path = ScoreCell.xib; sourceTree = "<group>"; };
		8494F6E0290552710086E3AD /* ShadowView.swift */ = {isa = PBXFileReference; lastKnownFileType = sourcecode.swift; path = ShadowView.swift; sourceTree = "<group>"; };
		8494F6E2290553E90086E3AD /* CustomViews.swift */ = {isa = PBXFileReference; lastKnownFileType = sourcecode.swift; path = CustomViews.swift; sourceTree = "<group>"; };
		8494F6E42905594F0086E3AD /* MenuItemView.swift */ = {isa = PBXFileReference; lastKnownFileType = sourcecode.swift; path = MenuItemView.swift; sourceTree = "<group>"; };
		8494F6E62905649B0086E3AD /* BackgroundDirection.swift */ = {isa = PBXFileReference; lastKnownFileType = sourcecode.swift; path = BackgroundDirection.swift; sourceTree = "<group>"; };
		8494F6EC290573DD0086E3AD /* MenuViewController.swift */ = {isa = PBXFileReference; lastKnownFileType = sourcecode.swift; path = MenuViewController.swift; sourceTree = "<group>"; };
		8494F6F22905989B0086E3AD /* GameViewController.swift */ = {isa = PBXFileReference; lastKnownFileType = sourcecode.swift; path = GameViewController.swift; sourceTree = "<group>"; };
		8494F6F4290599000086E3AD /* Location.swift */ = {isa = PBXFileReference; lastKnownFileType = sourcecode.swift; path = Location.swift; sourceTree = "<group>"; };
		8494F6F629059C5A0086E3AD /* BlurView.swift */ = {isa = PBXFileReference; lastKnownFileType = sourcecode.swift; path = BlurView.swift; sourceTree = "<group>"; };
		84CF79732920F8CD00D60A9E /* Score.swift */ = {isa = PBXFileReference; lastKnownFileType = sourcecode.swift; path = Score.swift; sourceTree = "<group>"; };
		84DC264C2932662100A66BF2 /* ScoreDetailsViewController.swift */ = {isa = PBXFileReference; lastKnownFileType = sourcecode.swift; path = ScoreDetailsViewController.swift; sourceTree = "<group>"; };
		84E29F772963060600EE67B6 /* SettingViewController.swift */ = {isa = PBXFileReference; lastKnownFileType = sourcecode.swift; path = SettingViewController.swift; sourceTree = "<group>"; };
/* End PBXFileReference section */

/* Begin PBXFrameworksBuildPhase section */
		843E265229045FD2000009DB /* Frameworks */ = {
			isa = PBXFrameworksBuildPhase;
			buildActionMask = 2147483647;
			files = (
			);
			runOnlyForDeploymentPostprocessing = 0;
		};
/* End PBXFrameworksBuildPhase section */

/* Begin PBXGroup section */
		84028A98290EA38200F04894 /* Service */ = {
			isa = PBXGroup;
			children = (
				84028A99290EA39600F04894 /* StorageService.swift */,
				84028A9C290EA3B100F04894 /* ScoreService.swift */,
			);
			path = Service;
			sourceTree = "<group>";
		};
		843E264C29045FD2000009DB = {
			isa = PBXGroup;
			children = (
				843E265729045FD2000009DB /* RasingGame */,
				843E265629045FD2000009DB /* Products */,
			);
			sourceTree = "<group>";
		};
		843E265629045FD2000009DB /* Products */ = {
			isa = PBXGroup;
			children = (
				843E265529045FD2000009DB /* RasingGame.app */,
			);
			name = Products;
			sourceTree = "<group>";
		};
		843E265729045FD2000009DB /* RasingGame */ = {
			isa = PBXGroup;
			children = (
				84028A98290EA38200F04894 /* Service */,
				843E266629045FD3000009DB /* Info.plist */,
				843E2679290546A3000009DB /* App */,
				843E267629046EBC000009DB /* Model */,
				843E267529046EB5000009DB /* View */,
				843E267429046E9C000009DB /* Controller */,
				843E266F2904643B000009DB /* Utils */,
				843E267A290546BC000009DB /* Resources */,
			);
			path = RasingGame;
			sourceTree = "<group>";
		};
		843E266F2904643B000009DB /* Utils */ = {
			isa = PBXGroup;
			children = (
				843E267029046457000009DB /* GifView.swift */,
				8494F6E2290553E90086E3AD /* CustomViews.swift */,
				8494F6E0290552710086E3AD /* ShadowView.swift */,
				8494F6F629059C5A0086E3AD /* BlurView.swift */,
				8447548F29088DBE00888E33 /* UIViewController+Alert.swift */,
				841D7C0E2909DC42003BF4A6 /* Int+Scores.swift */,
				84028A9E290EA3D000F04894 /* Constants.swift */,
			);
			path = Utils;
			sourceTree = "<group>";
		};
		843E267429046E9C000009DB /* Controller */ = {
			isa = PBXGroup;
			children = (
				84DC264C2932662100A66BF2 /* ScoreDetailsViewController.swift */,
				843E265C29045FD2000009DB /* SplashViewController.swift */,
				8494F6EC290573DD0086E3AD /* MenuViewController.swift */,
				8494F6F22905989B0086E3AD /* GameViewController.swift */,
				841D7C0A2909C5B4003BF4A6 /* ScoreViewController.swift */,
				84612EA8292D6BED00C034BE /* ScoreCell.swift */,
				84E29F772963060600EE67B6 /* SettingViewController.swift */,
			);
			path = Controller;
			sourceTree = "<group>";
		};
		843E267529046EB5000009DB /* View */ = {
			isa = PBXGroup;
			children = (
				843E265E29045FD2000009DB /* Main.storyboard */,
				8494F6E42905594F0086E3AD /* MenuItemView.swift */,
				84612EA9292D6BED00C034BE /* ScoreCell.xib */,
			);
			path = View;
			sourceTree = "<group>";
		};
		843E267629046EBC000009DB /* Model */ = {
			isa = PBXGroup;
			children = (
				8494F6E62905649B0086E3AD /* BackgroundDirection.swift */,
				8494F6F4290599000086E3AD /* Location.swift */,
				84CF79732920F8CD00D60A9E /* Score.swift */,
			);
			path = Model;
			sourceTree = "<group>";
		};
		843E2679290546A3000009DB /* App */ = {
			isa = PBXGroup;
			children = (
				843E265829045FD2000009DB /* AppDelegate.swift */,
				843E265A29045FD2000009DB /* SceneDelegate.swift */,
			);
			path = App;
			sourceTree = "<group>";
		};
		843E267A290546BC000009DB /* Resources */ = {
			isa = PBXGroup;
			children = (
				843E266129045FD3000009DB /* Assets.xcassets */,
				843E266C2904639A000009DB /* carGif.gif */,
				843E266329045FD3000009DB /* LaunchScreen.storyboard */,
				843E267729047965000009DB /* drift.ttf */,
			);
			path = Resources;
			sourceTree = "<group>";
		};
/* End PBXGroup section */

/* Begin PBXNativeTarget section */
		843E265429045FD2000009DB /* RasingGame */ = {
			isa = PBXNativeTarget;
			buildConfigurationList = 843E266929045FD3000009DB /* Build configuration list for PBXNativeTarget "RasingGame" */;
			buildPhases = (
				843E265129045FD2000009DB /* Sources */,
				843E265229045FD2000009DB /* Frameworks */,
				843E265329045FD2000009DB /* Resources */,
			);
			buildRules = (
			);
			dependencies = (
			);
			name = RasingGame;
			productName = RasingGame;
			productReference = 843E265529045FD2000009DB /* RasingGame.app */;
			productType = "com.apple.product-type.application";
		};
/* End PBXNativeTarget section */

/* Begin PBXProject section */
		843E264D29045FD2000009DB /* Project object */ = {
			isa = PBXProject;
			attributes = {
				BuildIndependentTargetsInParallel = 1;
				LastSwiftUpdateCheck = 1400;
				LastUpgradeCheck = 1400;
				TargetAttributes = {
					843E265429045FD2000009DB = {
						CreatedOnToolsVersion = 14.0.1;
					};
				};
			};
			buildConfigurationList = 843E265029045FD2000009DB /* Build configuration list for PBXProject "RasingGame" */;
			compatibilityVersion = "Xcode 14.0";
			developmentRegion = en;
			hasScannedForEncodings = 0;
			knownRegions = (
				en,
				Base,
			);
			mainGroup = 843E264C29045FD2000009DB;
			productRefGroup = 843E265629045FD2000009DB /* Products */;
			projectDirPath = "";
			projectRoot = "";
			targets = (
				843E265429045FD2000009DB /* RasingGame */,
			);
		};
/* End PBXProject section */

/* Begin PBXResourcesBuildPhase section */
		843E265329045FD2000009DB /* Resources */ = {
			isa = PBXResourcesBuildPhase;
			buildActionMask = 2147483647;
			files = (
				84612EAB292D6BED00C034BE /* ScoreCell.xib in Resources */,
				843E266529045FD3000009DB /* LaunchScreen.storyboard in Resources */,
				843E267829047968000009DB /* drift.ttf in Resources */,
				843E266229045FD3000009DB /* Assets.xcassets in Resources */,
				843E266D2904639A000009DB /* carGif.gif in Resources */,
				843E266029045FD2000009DB /* Main.storyboard in Resources */,
			);
			runOnlyForDeploymentPostprocessing = 0;
		};
/* End PBXResourcesBuildPhase section */

/* Begin PBXSourcesBuildPhase section */
		843E265129045FD2000009DB /* Sources */ = {
			isa = PBXSourcesBuildPhase;
			buildActionMask = 2147483647;
			files = (
				84DC264E2932662100A66BF2 /* ScoreDetailsViewController.swift in Sources */,
				84E29F782963060600EE67B6 /* SettingViewController.swift in Sources */,
				8494F6E1290552710086E3AD /* ShadowView.swift in Sources */,
				843E265D29045FD2000009DB /* SplashViewController.swift in Sources */,
				8494F6E52905594F0086E3AD /* MenuItemView.swift in Sources */,
				841D7C0F2909DC42003BF4A6 /* Int+Scores.swift in Sources */,
				8447549029088DBE00888E33 /* UIViewController+Alert.swift in Sources */,
				84028A9A290EA39600F04894 /* StorageService.swift in Sources */,
				84028A9D290EA3B100F04894 /* ScoreService.swift in Sources */,
				8494F6E3290553E90086E3AD /* CustomViews.swift in Sources */,
				8494F6ED290573DD0086E3AD /* MenuViewController.swift in Sources */,
				8494F6E72905649B0086E3AD /* BackgroundDirection.swift in Sources */,
				841D7C0C2909C5B4003BF4A6 /* ScoreViewController.swift in Sources */,
				843E267129046457000009DB /* GifView.swift in Sources */,
				843E265929045FD2000009DB /* AppDelegate.swift in Sources */,
				84CF79742920F8CD00D60A9E /* Score.swift in Sources */,
				8494F6F729059C5A0086E3AD /* BlurView.swift in Sources */,
				8494F6F32905989B0086E3AD /* GameViewController.swift in Sources */,
				8494F6F5290599000086E3AD /* Location.swift in Sources */,
				843E265B29045FD2000009DB /* SceneDelegate.swift in Sources */,
				84612EAA292D6BED00C034BE /* ScoreCell.swift in Sources */,
				84028A9F290EA3D000F04894 /* Constants.swift in Sources */,
			);
			runOnlyForDeploymentPostprocessing = 0;
		};
/* End PBXSourcesBuildPhase section */

/* Begin PBXVariantGroup section */
		843E265E29045FD2000009DB /* Main.storyboard */ = {
			isa = PBXVariantGroup;
			children = (
				843E265F29045FD2000009DB /* Base */,
			);
			name = Main.storyboard;
			sourceTree = "<group>";
		};
		843E266329045FD3000009DB /* LaunchScreen.storyboard */ = {
			isa = PBXVariantGroup;
			children = (
				843E266429045FD3000009DB /* Base */,
			);
			name = LaunchScreen.storyboard;
			sourceTree = "<group>";
		};
/* End PBXVariantGroup section */

/* Begin XCBuildConfiguration section */
		843E266729045FD3000009DB /* Debug */ = {
			isa = XCBuildConfiguration;
			buildSettings = {
				ALWAYS_SEARCH_USER_PATHS = NO;
				CLANG_ANALYZER_NONNULL = YES;
				CLANG_ANALYZER_NUMBER_OBJECT_CONVERSION = YES_AGGRESSIVE;
				CLANG_CXX_LANGUAGE_STANDARD = "gnu++20";
				CLANG_ENABLE_MODULES = YES;
				CLANG_ENABLE_OBJC_ARC = YES;
				CLANG_ENABLE_OBJC_WEAK = YES;
				CLANG_WARN_BLOCK_CAPTURE_AUTORELEASING = YES;
				CLANG_WARN_BOOL_CONVERSION = YES;
				CLANG_WARN_COMMA = YES;
				CLANG_WARN_CONSTANT_CONVERSION = YES;
				CLANG_WARN_DEPRECATED_OBJC_IMPLEMENTATIONS = YES;
				CLANG_WARN_DIRECT_OBJC_ISA_USAGE = YES_ERROR;
				CLANG_WARN_DOCUMENTATION_COMMENTS = YES;
				CLANG_WARN_EMPTY_BODY = YES;
				CLANG_WARN_ENUM_CONVERSION = YES;
				CLANG_WARN_INFINITE_RECURSION = YES;
				CLANG_WARN_INT_CONVERSION = YES;
				CLANG_WARN_NON_LITERAL_NULL_CONVERSION = YES;
				CLANG_WARN_OBJC_IMPLICIT_RETAIN_SELF = YES;
				CLANG_WARN_OBJC_LITERAL_CONVERSION = YES;
				CLANG_WARN_OBJC_ROOT_CLASS = YES_ERROR;
				CLANG_WARN_QUOTED_INCLUDE_IN_FRAMEWORK_HEADER = YES;
				CLANG_WARN_RANGE_LOOP_ANALYSIS = YES;
				CLANG_WARN_STRICT_PROTOTYPES = YES;
				CLANG_WARN_SUSPICIOUS_MOVE = YES;
				CLANG_WARN_UNGUARDED_AVAILABILITY = YES_AGGRESSIVE;
				CLANG_WARN_UNREACHABLE_CODE = YES;
				CLANG_WARN__DUPLICATE_METHOD_MATCH = YES;
				COPY_PHASE_STRIP = NO;
				DEBUG_INFORMATION_FORMAT = dwarf;
				ENABLE_STRICT_OBJC_MSGSEND = YES;
				ENABLE_TESTABILITY = YES;
				GCC_C_LANGUAGE_STANDARD = gnu11;
				GCC_DYNAMIC_NO_PIC = NO;
				GCC_NO_COMMON_BLOCKS = YES;
				GCC_OPTIMIZATION_LEVEL = 0;
				GCC_PREPROCESSOR_DEFINITIONS = (
					"DEBUG=1",
					"$(inherited)",
				);
				GCC_WARN_64_TO_32_BIT_CONVERSION = YES;
				GCC_WARN_ABOUT_RETURN_TYPE = YES_ERROR;
				GCC_WARN_UNDECLARED_SELECTOR = YES;
				GCC_WARN_UNINITIALIZED_AUTOS = YES_AGGRESSIVE;
				GCC_WARN_UNUSED_FUNCTION = YES;
				GCC_WARN_UNUSED_VARIABLE = YES;
				IPHONEOS_DEPLOYMENT_TARGET = 16.0;
				MTL_ENABLE_DEBUG_INFO = INCLUDE_SOURCE;
				MTL_FAST_MATH = YES;
				ONLY_ACTIVE_ARCH = YES;
				SDKROOT = iphoneos;
				SWIFT_ACTIVE_COMPILATION_CONDITIONS = DEBUG;
				SWIFT_OPTIMIZATION_LEVEL = "-Onone";
			};
			name = Debug;
		};
		843E266829045FD3000009DB /* Release */ = {
			isa = XCBuildConfiguration;
			buildSettings = {
				ALWAYS_SEARCH_USER_PATHS = NO;
				CLANG_ANALYZER_NONNULL = YES;
				CLANG_ANALYZER_NUMBER_OBJECT_CONVERSION = YES_AGGRESSIVE;
				CLANG_CXX_LANGUAGE_STANDARD = "gnu++20";
				CLANG_ENABLE_MODULES = YES;
				CLANG_ENABLE_OBJC_ARC = YES;
				CLANG_ENABLE_OBJC_WEAK = YES;
				CLANG_WARN_BLOCK_CAPTURE_AUTORELEASING = YES;
				CLANG_WARN_BOOL_CONVERSION = YES;
				CLANG_WARN_COMMA = YES;
				CLANG_WARN_CONSTANT_CONVERSION = YES;
				CLANG_WARN_DEPRECATED_OBJC_IMPLEMENTATIONS = YES;
				CLANG_WARN_DIRECT_OBJC_ISA_USAGE = YES_ERROR;
				CLANG_WARN_DOCUMENTATION_COMMENTS = YES;
				CLANG_WARN_EMPTY_BODY = YES;
				CLANG_WARN_ENUM_CONVERSION = YES;
				CLANG_WARN_INFINITE_RECURSION = YES;
				CLANG_WARN_INT_CONVERSION = YES;
				CLANG_WARN_NON_LITERAL_NULL_CONVERSION = YES;
				CLANG_WARN_OBJC_IMPLICIT_RETAIN_SELF = YES;
				CLANG_WARN_OBJC_LITERAL_CONVERSION = YES;
				CLANG_WARN_OBJC_ROOT_CLASS = YES_ERROR;
				CLANG_WARN_QUOTED_INCLUDE_IN_FRAMEWORK_HEADER = YES;
				CLANG_WARN_RANGE_LOOP_ANALYSIS = YES;
				CLANG_WARN_STRICT_PROTOTYPES = YES;
				CLANG_WARN_SUSPICIOUS_MOVE = YES;
				CLANG_WARN_UNGUARDED_AVAILABILITY = YES_AGGRESSIVE;
				CLANG_WARN_UNREACHABLE_CODE = YES;
				CLANG_WARN__DUPLICATE_METHOD_MATCH = YES;
				COPY_PHASE_STRIP = NO;
				DEBUG_INFORMATION_FORMAT = "dwarf-with-dsym";
				ENABLE_NS_ASSERTIONS = NO;
				ENABLE_STRICT_OBJC_MSGSEND = YES;
				GCC_C_LANGUAGE_STANDARD = gnu11;
				GCC_NO_COMMON_BLOCKS = YES;
				GCC_WARN_64_TO_32_BIT_CONVERSION = YES;
				GCC_WARN_ABOUT_RETURN_TYPE = YES_ERROR;
				GCC_WARN_UNDECLARED_SELECTOR = YES;
				GCC_WARN_UNINITIALIZED_AUTOS = YES_AGGRESSIVE;
				GCC_WARN_UNUSED_FUNCTION = YES;
				GCC_WARN_UNUSED_VARIABLE = YES;
				IPHONEOS_DEPLOYMENT_TARGET = 16.0;
				MTL_ENABLE_DEBUG_INFO = NO;
				MTL_FAST_MATH = YES;
				SDKROOT = iphoneos;
				SWIFT_COMPILATION_MODE = wholemodule;
				SWIFT_OPTIMIZATION_LEVEL = "-O";
				VALIDATE_PRODUCT = YES;
			};
			name = Release;
		};
		843E266A29045FD3000009DB /* Debug */ = {
			isa = XCBuildConfiguration;
			buildSettings = {
				ASSETCATALOG_COMPILER_APPICON_NAME = AppIcon;
				ASSETCATALOG_COMPILER_GLOBAL_ACCENT_COLOR_NAME = AccentColor;
				CODE_SIGN_STYLE = Automatic;
				CURRENT_PROJECT_VERSION = 1;
				DEVELOPMENT_TEAM = N9D7BC833T;
				GENERATE_INFOPLIST_FILE = YES;
				INFOPLIST_FILE = RasingGame/Info.plist;
				INFOPLIST_KEY_UIApplicationSupportsIndirectInputEvents = YES;
				INFOPLIST_KEY_UILaunchStoryboardName = LaunchScreen;
				INFOPLIST_KEY_UIMainStoryboardFile = Main;
				INFOPLIST_KEY_UISupportedInterfaceOrientations_iPad = "UIInterfaceOrientationPortrait UIInterfaceOrientationPortraitUpsideDown UIInterfaceOrientationLandscapeLeft UIInterfaceOrientationLandscapeRight";
				INFOPLIST_KEY_UISupportedInterfaceOrientations_iPhone = "UIInterfaceOrientationPortrait UIInterfaceOrientationLandscapeLeft UIInterfaceOrientationLandscapeRight";
				LD_RUNPATH_SEARCH_PATHS = (
					"$(inherited)",
					"@executable_path/Frameworks",
				);
				MARKETING_VERSION = 1.0;
				PRODUCT_BUNDLE_IDENTIFIER = com.krasnovskaya.RasingGame;
				PRODUCT_NAME = "$(TARGET_NAME)";
				SWIFT_EMIT_LOC_STRINGS = YES;
				SWIFT_VERSION = 5.0;
				TARGETED_DEVICE_FAMILY = "1,2";
			};
			name = Debug;
		};
		843E266B29045FD3000009DB /* Release */ = {
			isa = XCBuildConfiguration;
			buildSettings = {
				ASSETCATALOG_COMPILER_APPICON_NAME = AppIcon;
				ASSETCATALOG_COMPILER_GLOBAL_ACCENT_COLOR_NAME = AccentColor;
				CODE_SIGN_STYLE = Automatic;
				CURRENT_PROJECT_VERSION = 1;
				DEVELOPMENT_TEAM = N9D7BC833T;
				GENERATE_INFOPLIST_FILE = YES;
				INFOPLIST_FILE = RasingGame/Info.plist;
				INFOPLIST_KEY_UIApplicationSupportsIndirectInputEvents = YES;
				INFOPLIST_KEY_UILaunchStoryboardName = LaunchScreen;
				INFOPLIST_KEY_UIMainStoryboardFile = Main;
				INFOPLIST_KEY_UISupportedInterfaceOrientations_iPad = "UIInterfaceOrientationPortrait UIInterfaceOrientationPortraitUpsideDown UIInterfaceOrientationLandscapeLeft UIInterfaceOrientationLandscapeRight";
				INFOPLIST_KEY_UISupportedInterfaceOrientations_iPhone = "UIInterfaceOrientationPortrait UIInterfaceOrientationLandscapeLeft UIInterfaceOrientationLandscapeRight";
				LD_RUNPATH_SEARCH_PATHS = (
					"$(inherited)",
					"@executable_path/Frameworks",
				);
				MARKETING_VERSION = 1.0;
				PRODUCT_BUNDLE_IDENTIFIER = com.krasnovskaya.RasingGame;
				PRODUCT_NAME = "$(TARGET_NAME)";
				SWIFT_EMIT_LOC_STRINGS = YES;
				SWIFT_VERSION = 5.0;
				TARGETED_DEVICE_FAMILY = "1,2";
			};
			name = Release;
		};
/* End XCBuildConfiguration section */

/* Begin XCConfigurationList section */
		843E265029045FD2000009DB /* Build configuration list for PBXProject "RasingGame" */ = {
			isa = XCConfigurationList;
			buildConfigurations = (
				843E266729045FD3000009DB /* Debug */,
				843E266829045FD3000009DB /* Release */,
			);
			defaultConfigurationIsVisible = 0;
			defaultConfigurationName = Release;
		};
		843E266929045FD3000009DB /* Build configuration list for PBXNativeTarget "RasingGame" */ = {
			isa = XCConfigurationList;
			buildConfigurations = (
				843E266A29045FD3000009DB /* Debug */,
				843E266B29045FD3000009DB /* Release */,
			);
			defaultConfigurationIsVisible = 0;
			defaultConfigurationName = Release;
		};
/* End XCConfigurationList section */
	};
	rootObject = 843E264D29045FD2000009DB /* Project object */;
}
